
Microsoft Visual Studio Solution File, Format Version 12.00
# Visual Studio Version 16
VisualStudioVersion = 16.0.30621.155
MinimumVisualStudioVersion = 10.0.40219.1
Project("{8BC9CEB8-8B4A-11D0-8D11-00A0C91BC942}") = "kilock", "kilock\kilock.vcxproj", "{86EA0FAD-040E-452F-873A-2E03AF73D855}"
EndProject
Project("{8BC9CEB8-8B4A-11D0-8D11-00A0C91BC942}") = "kichal", "kichal\kichal.vcxproj", "{390AB217-B703-4A12-BF5D-C872F345F74B}"
EndProject
Project("{8BC9CEB8-8B4A-11D0-8D11-00A0C91BC942}") = "p11proxy", "p11proxy\p11proxy.vcxproj", "{ADA82E7A-E2A9-40B2-8DF3-887DE1D80662}"
EndProject
Project("{2150E333-8FDC-42A3-9474-1A3956D46DE8}") = "global files", "global files", "{8C1E638F-A19A-497A-B514-65D19C7AC377}"
	ProjectSection(SolutionItems) = preProject
		appveyor.yml = appveyor.yml
		README.md = README.md
	EndProjectSection
EndProject
Global
	GlobalSection(SolutionConfigurationPlatforms) = preSolution
		Release|Win32 = Release|Win32
		Release|x64 = Release|x64
	EndGlobalSection
	GlobalSection(ProjectConfigurationPlatforms) = postSolution
		{86EA0FAD-040E-452F-873A-2E03AF73D855}.Release|Win32.ActiveCfg = Release|Win32
		{86EA0FAD-040E-452F-873A-2E03AF73D855}.Release|Win32.Build.0 = Release|Win32
		{86EA0FAD-040E-452F-873A-2E03AF73D855}.Release|x64.ActiveCfg = Release|x64
		{86EA0FAD-040E-452F-873A-2E03AF73D855}.Release|x64.Build.0 = Release|x64
		{390AB217-B703-4A12-BF5D-C872F345F74B}.Release|Win32.ActiveCfg = Release|Win32
		{390AB217-B703-4A12-BF5D-C872F345F74B}.Release|Win32.Build.0 = Release|Win32
		{390AB217-B703-4A12-BF5D-C872F345F74B}.Release|x64.ActiveCfg = Release|x64
		{390AB217-B703-4A12-BF5D-C872F345F74B}.Release|x64.Build.0 = Release|x64
		{ADA82E7A-E2A9-40B2-8DF3-887DE1D80662}.Release|Win32.ActiveCfg = Release|Win32
		{ADA82E7A-E2A9-40B2-8DF3-887DE1D80662}.Release|Win32.Build.0 = Release|Win32
		{ADA82E7A-E2A9-40B2-8DF3-887DE1D80662}.Release|x64.ActiveCfg = Release|x64
		{ADA82E7A-E2A9-40B2-8DF3-887DE1D80662}.Release|x64.Build.0 = Release|x64
	EndGlobalSection
	GlobalSection(SolutionProperties) = preSolution
		HideSolutionNode = FALSE
	EndGlobalSection
	GlobalSection(ExtensibilityGlobals) = postSolution
		SolutionGuid = {5937404D-AA93-4FA2-A2E7-C9D6FBA84836}
	EndGlobalSection
EndGlobal
